// !$*UTF8*$!
{
	archiveVersion = 1;
	classes = {
	};
	objectVersion = 50;
	objects = {

/* Begin PBXBuildFile section */
		A6AE254421D4C06300A7D4AF /* AppDelegate.m in Sources */ = {isa = PBXBuildFile; fileRef = A6AE254321D4C06300A7D4AF /* AppDelegate.m */; };
		A6AE254721D4C06300A7D4AF /* ViewController.m in Sources */ = {isa = PBXBuildFile; fileRef = A6AE254621D4C06300A7D4AF /* ViewController.m */; };
		A6AE254A21D4C06300A7D4AF /* Main.storyboard in Resources */ = {isa = PBXBuildFile; fileRef = A6AE254821D4C06300A7D4AF /* Main.storyboard */; };
		A6AE254C21D4C06300A7D4AF /* Assets.xcassets in Resources */ = {isa = PBXBuildFile; fileRef = A6AE254B21D4C06300A7D4AF /* Assets.xcassets */; };
		A6AE254F21D4C06300A7D4AF /* LaunchScreen.storyboard in Resources */ = {isa = PBXBuildFile; fileRef = A6AE254D21D4C06300A7D4AF /* LaunchScreen.storyboard */; };
		A6AE255221D4C06300A7D4AF /* main.m in Sources */ = {isa = PBXBuildFile; fileRef = A6AE255121D4C06300A7D4AF /* main.m */; };
		A6AE257321D4C0E200A7D4AF /* Info.plist in Resources */ = {isa = PBXBuildFile; fileRef = A6AE255921D4C0E200A7D4AF /* Info.plist */; };
		A6AE257421D4C0E200A7D4AF /* MASCompositeConstraint.m in Sources */ = {isa = PBXBuildFile; fileRef = A6AE255B21D4C0E200A7D4AF /* MASCompositeConstraint.m */; };
		A6AE257521D4C0E200A7D4AF /* MASConstraint.m in Sources */ = {isa = PBXBuildFile; fileRef = A6AE255E21D4C0E200A7D4AF /* MASConstraint.m */; };
		A6AE257621D4C0E200A7D4AF /* MASConstraintMaker.m in Sources */ = {isa = PBXBuildFile; fileRef = A6AE256021D4C0E200A7D4AF /* MASConstraintMaker.m */; };
		A6AE257721D4C0E200A7D4AF /* MASLayoutConstraint.m in Sources */ = {isa = PBXBuildFile; fileRef = A6AE256221D4C0E200A7D4AF /* MASLayoutConstraint.m */; };
		A6AE257821D4C0E200A7D4AF /* MASViewAttribute.m in Sources */ = {isa = PBXBuildFile; fileRef = A6AE256621D4C0E200A7D4AF /* MASViewAttribute.m */; };
		A6AE257921D4C0E200A7D4AF /* MASViewConstraint.m in Sources */ = {isa = PBXBuildFile; fileRef = A6AE256821D4C0E200A7D4AF /* MASViewConstraint.m */; };
		A6AE257A21D4C0E200A7D4AF /* NSArray+MASAdditions.m in Sources */ = {isa = PBXBuildFile; fileRef = A6AE256A21D4C0E200A7D4AF /* NSArray+MASAdditions.m */; };
		A6AE257B21D4C0E200A7D4AF /* NSLayoutConstraint+MASDebugAdditions.m in Sources */ = {isa = PBXBuildFile; fileRef = A6AE256D21D4C0E200A7D4AF /* NSLayoutConstraint+MASDebugAdditions.m */; };
		A6AE257C21D4C0E200A7D4AF /* View+MASAdditions.m in Sources */ = {isa = PBXBuildFile; fileRef = A6AE256F21D4C0E200A7D4AF /* View+MASAdditions.m */; };
		A6AE257D21D4C0E200A7D4AF /* ViewController+MASAdditions.m in Sources */ = {isa = PBXBuildFile; fileRef = A6AE257221D4C0E200A7D4AF /* ViewController+MASAdditions.m */; };
		A6AE258021D4C99200A7D4AF /* viewDome.m in Sources */ = {isa = PBXBuildFile; fileRef = A6AE257F21D4C99200A7D4AF /* viewDome.m */; };
/* End PBXBuildFile section */

/* Begin PBXFileReference section */
		A6AE253F21D4C06300A7D4AF /* LGMasonryDome.app */ = {isa = PBXFileReference; explicitFileType = wrapper.application; includeInIndex = 0; path = LGMasonryDome.app; sourceTree = BUILT_PRODUCTS_DIR; };
		A6AE254221D4C06300A7D4AF /* AppDelegate.h */ = {isa = PBXFileReference; lastKnownFileType = sourcecode.c.h; path = AppDelegate.h; sourceTree = "<group>"; };
		A6AE254321D4C06300A7D4AF /* AppDelegate.m */ = {isa = PBXFileReference; lastKnownFileType = sourcecode.c.objc; path = AppDelegate.m; sourceTree = "<group>"; };
		A6AE254521D4C06300A7D4AF /* ViewController.h */ = {isa = PBXFileReference; lastKnownFileType = sourcecode.c.h; path = ViewController.h; sourceTree = "<group>"; };
		A6AE254621D4C06300A7D4AF /* ViewController.m */ = {isa = PBXFileReference; lastKnownFileType = sourcecode.c.objc; path = ViewController.m; sourceTree = "<group>"; };
		A6AE254921D4C06300A7D4AF /* Base */ = {isa = PBXFileReference; lastKnownFileType = file.storyboard; name = Base; path = Base.lproj/Main.storyboard; sourceTree = "<group>"; };
		A6AE254B21D4C06300A7D4AF /* Assets.xcassets */ = {isa = PBXFileReference; lastKnownFileType = folder.assetcatalog; path = Assets.xcassets; sourceTree = "<group>"; };
		A6AE254E21D4C06300A7D4AF /* Base */ = {isa = PBXFileReference; lastKnownFileType = file.storyboard; name = Base; path = Base.lproj/LaunchScreen.storyboard; sourceTree = "<group>"; };
		A6AE255021D4C06300A7D4AF /* Info.plist */ = {isa = PBXFileReference; lastKnownFileType = text.plist.xml; path = Info.plist; sourceTree = "<group>"; };
		A6AE255121D4C06300A7D4AF /* main.m */ = {isa = PBXFileReference; lastKnownFileType = sourcecode.c.objc; path = main.m; sourceTree = "<group>"; };
		A6AE255921D4C0E200A7D4AF /* Info.plist */ = {isa = PBXFileReference; fileEncoding = 4; lastKnownFileType = text.plist.xml; path = Info.plist; sourceTree = "<group>"; };
		A6AE255A21D4C0E200A7D4AF /* MASCompositeConstraint.h */ = {isa = PBXFileReference; fileEncoding = 4; lastKnownFileType = sourcecode.c.h; path = MASCompositeConstraint.h; sourceTree = "<group>"; };
		A6AE255B21D4C0E200A7D4AF /* MASCompositeConstraint.m */ = {isa = PBXFileReference; fileEncoding = 4; lastKnownFileType = sourcecode.c.objc; path = MASCompositeConstraint.m; sourceTree = "<group>"; };
		A6AE255C21D4C0E200A7D4AF /* MASConstraint+Private.h */ = {isa = PBXFileReference; fileEncoding = 4; lastKnownFileType = sourcecode.c.h; path = "MASConstraint+Private.h"; sourceTree = "<group>"; };
		A6AE255D21D4C0E200A7D4AF /* MASConstraint.h */ = {isa = PBXFileReference; fileEncoding = 4; lastKnownFileType = sourcecode.c.h; path = MASConstraint.h; sourceTree = "<group>"; };
		A6AE255E21D4C0E200A7D4AF /* MASConstraint.m */ = {isa = PBXFileReference; fileEncoding = 4; lastKnownFileType = sourcecode.c.objc; path = MASConstraint.m; sourceTree = "<group>"; };
		A6AE255F21D4C0E200A7D4AF /* MASConstraintMaker.h */ = {isa = PBXFileReference; fileEncoding = 4; lastKnownFileType = sourcecode.c.h; path = MASConstraintMaker.h; sourceTree = "<group>"; };
		A6AE256021D4C0E200A7D4AF /* MASConstraintMaker.m */ = {isa = PBXFileReference; fileEncoding = 4; lastKnownFileType = sourcecode.c.objc; path = MASConstraintMaker.m; sourceTree = "<group>"; };
		A6AE256121D4C0E200A7D4AF /* MASLayoutConstraint.h */ = {isa = PBXFileReference; fileEncoding = 4; lastKnownFileType = sourcecode.c.h; path = MASLayoutConstraint.h; sourceTree = "<group>"; };
		A6AE256221D4C0E200A7D4AF /* MASLayoutConstraint.m */ = {isa = PBXFileReference; fileEncoding = 4; lastKnownFileType = sourcecode.c.objc; path = MASLayoutConstraint.m; sourceTree = "<group>"; };
		A6AE256321D4C0E200A7D4AF /* Masonry.h */ = {isa = PBXFileReference; fileEncoding = 4; lastKnownFileType = sourcecode.c.h; path = Masonry.h; sourceTree = "<group>"; };
		A6AE256421D4C0E200A7D4AF /* MASUtilities.h */ = {isa = PBXFileReference; fileEncoding = 4; lastKnownFileType = sourcecode.c.h; path = MASUtilities.h; sourceTree = "<group>"; };
		A6AE256521D4C0E200A7D4AF /* MASViewAttribute.h */ = {isa = PBXFileReference; fileEncoding = 4; lastKnownFileType = sourcecode.c.h; path = MASViewAttribute.h; sourceTree = "<group>"; };
		A6AE256621D4C0E200A7D4AF /* MASViewAttribute.m */ = {isa = PBXFileReference; fileEncoding = 4; lastKnownFileType = sourcecode.c.objc; path = MASViewAttribute.m; sourceTree = "<group>"; };
		A6AE256721D4C0E200A7D4AF /* MASViewConstraint.h */ = {isa = PBXFileReference; fileEncoding = 4; lastKnownFileType = sourcecode.c.h; path = MASViewConstraint.h; sourceTree = "<group>"; };
		A6AE256821D4C0E200A7D4AF /* MASViewConstraint.m */ = {isa = PBXFileReference; fileEncoding = 4; lastKnownFileType = sourcecode.c.objc; path = MASViewConstraint.m; sourceTree = "<group>"; };
		A6AE256921D4C0E200A7D4AF /* NSArray+MASAdditions.h */ = {isa = PBXFileReference; fileEncoding = 4; lastKnownFileType = sourcecode.c.h; path = "NSArray+MASAdditions.h"; sourceTree = "<group>"; };
		A6AE256A21D4C0E200A7D4AF /* NSArray+MASAdditions.m */ = {isa = PBXFileReference; fileEncoding = 4; lastKnownFileType = sourcecode.c.objc; path = "NSArray+MASAdditions.m"; sourceTree = "<group>"; };
		A6AE256B21D4C0E200A7D4AF /* NSArray+MASShorthandAdditions.h */ = {isa = PBXFileReference; fileEncoding = 4; lastKnownFileType = sourcecode.c.h; path = "NSArray+MASShorthandAdditions.h"; sourceTree = "<group>"; };
		A6AE256C21D4C0E200A7D4AF /* NSLayoutConstraint+MASDebugAdditions.h */ = {isa = PBXFileReference; fileEncoding = 4; lastKnownFileType = sourcecode.c.h; path = "NSLayoutConstraint+MASDebugAdditions.h"; sourceTree = "<group>"; };
		A6AE256D21D4C0E200A7D4AF /* NSLayoutConstraint+MASDebugAdditions.m */ = {isa = PBXFileReference; fileEncoding = 4; lastKnownFileType = sourcecode.c.objc; path = "NSLayoutConstraint+MASDebugAdditions.m"; sourceTree = "<group>"; };
		A6AE256E21D4C0E200A7D4AF /* View+MASAdditions.h */ = {isa = PBXFileReference; fileEncoding = 4; lastKnownFileType = sourcecode.c.h; path = "View+MASAdditions.h"; sourceTree = "<group>"; };
		A6AE256F21D4C0E200A7D4AF /* View+MASAdditions.m */ = {isa = PBXFileReference; fileEncoding = 4; lastKnownFileType = sourcecode.c.objc; path = "View+MASAdditions.m"; sourceTree = "<group>"; };
		A6AE257021D4C0E200A7D4AF /* View+MASShorthandAdditions.h */ = {isa = PBXFileReference; fileEncoding = 4; lastKnownFileType = sourcecode.c.h; path = "View+MASShorthandAdditions.h"; sourceTree = "<group>"; };
		A6AE257121D4C0E200A7D4AF /* ViewController+MASAdditions.h */ = {isa = PBXFileReference; fileEncoding = 4; lastKnownFileType = sourcecode.c.h; path = "ViewController+MASAdditions.h"; sourceTree = "<group>"; };
		A6AE257221D4C0E200A7D4AF /* ViewController+MASAdditions.m */ = {isa = PBXFileReference; fileEncoding = 4; lastKnownFileType = sourcecode.c.objc; path = "ViewController+MASAdditions.m"; sourceTree = "<group>"; };
		A6AE257E21D4C99200A7D4AF /* viewDome.h */ = {isa = PBXFileReference; lastKnownFileType = sourcecode.c.h; path = viewDome.h; sourceTree = "<group>"; };
		A6AE257F21D4C99200A7D4AF /* viewDome.m */ = {isa = PBXFileReference; lastKnownFileType = sourcecode.c.objc; path = viewDome.m; sourceTree = "<group>"; };
/* End PBXFileReference section */

/* Begin PBXFrameworksBuildPhase section */
		A6AE253C21D4C06300A7D4AF /* Frameworks */ = {
			isa = PBXFrameworksBuildPhase;
			buildActionMask = 2147483647;
			files = (
			);
			runOnlyForDeploymentPostprocessing = 0;
		};
/* End PBXFrameworksBuildPhase section */

/* Begin PBXGroup section */
		A6AE253621D4C06300A7D4AF = {
			isa = PBXGroup;
			children = (
				A6AE254121D4C06300A7D4AF /* LGMasonryDome */,
				A6AE254021D4C06300A7D4AF /* Products */,
			);
			sourceTree = "<group>";
		};
		A6AE254021D4C06300A7D4AF /* Products */ = {
			isa = PBXGroup;
			children = (
				A6AE253F21D4C06300A7D4AF /* LGMasonryDome.app */,
			);
			name = Products;
			sourceTree = "<group>";
		};
		A6AE254121D4C06300A7D4AF /* LGMasonryDome */ = {
			isa = PBXGroup;
			children = (
				A6AE255821D4C0E200A7D4AF /* Masonry */,
				A6AE254221D4C06300A7D4AF /* AppDelegate.h */,
				A6AE254321D4C06300A7D4AF /* AppDelegate.m */,
				A6AE254521D4C06300A7D4AF /* ViewController.h */,
				A6AE254621D4C06300A7D4AF /* ViewController.m */,
				A6AE257E21D4C99200A7D4AF /* viewDome.h */,
				A6AE257F21D4C99200A7D4AF /* viewDome.m */,
				A6AE254821D4C06300A7D4AF /* Main.storyboard */,
				A6AE254B21D4C06300A7D4AF /* Assets.xcassets */,
				A6AE254D21D4C06300A7D4AF /* LaunchScreen.storyboard */,
				A6AE255021D4C06300A7D4AF /* Info.plist */,
				A6AE255121D4C06300A7D4AF /* main.m */,
			);
			path = LGMasonryDome;
			sourceTree = "<group>";
		};
		A6AE255821D4C0E200A7D4AF /* Masonry */ = {
			isa = PBXGroup;
			children = (
				A6AE255921D4C0E200A7D4AF /* Info.plist */,
				A6AE255A21D4C0E200A7D4AF /* MASCompositeConstraint.h */,
				A6AE255B21D4C0E200A7D4AF /* MASCompositeConstraint.m */,
				A6AE255C21D4C0E200A7D4AF /* MASConstraint+Private.h */,
				A6AE255D21D4C0E200A7D4AF /* MASConstraint.h */,
				A6AE255E21D4C0E200A7D4AF /* MASConstraint.m */,
				A6AE255F21D4C0E200A7D4AF /* MASConstraintMaker.h */,
				A6AE256021D4C0E200A7D4AF /* MASConstraintMaker.m */,
				A6AE256121D4C0E200A7D4AF /* MASLayoutConstraint.h */,
				A6AE256221D4C0E200A7D4AF /* MASLayoutConstraint.m */,
				A6AE256321D4C0E200A7D4AF /* Masonry.h */,
				A6AE256421D4C0E200A7D4AF /* MASUtilities.h */,
				A6AE256521D4C0E200A7D4AF /* MASViewAttribute.h */,
				A6AE256621D4C0E200A7D4AF /* MASViewAttribute.m */,
				A6AE256721D4C0E200A7D4AF /* MASViewConstraint.h */,
				A6AE256821D4C0E200A7D4AF /* MASViewConstraint.m */,
				A6AE256921D4C0E200A7D4AF /* NSArray+MASAdditions.h */,
				A6AE256A21D4C0E200A7D4AF /* NSArray+MASAdditions.m */,
				A6AE256B21D4C0E200A7D4AF /* NSArray+MASShorthandAdditions.h */,
				A6AE256C21D4C0E200A7D4AF /* NSLayoutConstraint+MASDebugAdditions.h */,
				A6AE256D21D4C0E200A7D4AF /* NSLayoutConstraint+MASDebugAdditions.m */,
				A6AE256E21D4C0E200A7D4AF /* View+MASAdditions.h */,
				A6AE256F21D4C0E200A7D4AF /* View+MASAdditions.m */,
				A6AE257021D4C0E200A7D4AF /* View+MASShorthandAdditions.h */,
				A6AE257121D4C0E200A7D4AF /* ViewController+MASAdditions.h */,
				A6AE257221D4C0E200A7D4AF /* ViewController+MASAdditions.m */,
			);
			path = Masonry;
			sourceTree = "<group>";
		};
/* End PBXGroup section */

/* Begin PBXNativeTarget section */
		A6AE253E21D4C06300A7D4AF /* LGMasonryDome */ = {
			isa = PBXNativeTarget;
			buildConfigurationList = A6AE255521D4C06300A7D4AF /* Build configuration list for PBXNativeTarget "LGMasonryDome" */;
			buildPhases = (
				A6AE253B21D4C06300A7D4AF /* Sources */,
				A6AE253C21D4C06300A7D4AF /* Frameworks */,
				A6AE253D21D4C06300A7D4AF /* Resources */,
			);
			buildRules = (
			);
			dependencies = (
			);
			name = LGMasonryDome;
			productName = LGMasonryDome;
			productReference = A6AE253F21D4C06300A7D4AF /* LGMasonryDome.app */;
			productType = "com.apple.product-type.application";
		};
/* End PBXNativeTarget section */

/* Begin PBXProject section */
		A6AE253721D4C06300A7D4AF /* Project object */ = {
			isa = PBXProject;
			attributes = {
				LastUpgradeCheck = 1000;
				ORGANIZATIONNAME = TP;
				TargetAttributes = {
					A6AE253E21D4C06300A7D4AF = {
						CreatedOnToolsVersion = 10.0;
					};
				};
			};
			buildConfigurationList = A6AE253A21D4C06300A7D4AF /* Build configuration list for PBXProject "LGMasonryDome" */;
			compatibilityVersion = "Xcode 9.3";
			developmentRegion = en;
			hasScannedForEncodings = 0;
			knownRegions = (
				en,
				Base,
			);
			mainGroup = A6AE253621D4C06300A7D4AF;
			productRefGroup = A6AE254021D4C06300A7D4AF /* Products */;
			projectDirPath = "";
			projectRoot = "";
			targets = (
				A6AE253E21D4C06300A7D4AF /* LGMasonryDome */,
			);
		};
/* End PBXProject section */

/* Begin PBXResourcesBuildPhase section */
		A6AE253D21D4C06300A7D4AF /* Resources */ = {
			isa = PBXResourcesBuildPhase;
			buildActionMask = 2147483647;
			files = (
				A6AE257321D4C0E200A7D4AF /* Info.plist in Resources */,
				A6AE254F21D4C06300A7D4AF /* LaunchScreen.storyboard in Resources */,
				A6AE254C21D4C06300A7D4AF /* Assets.xcassets in Resources */,
				A6AE254A21D4C06300A7D4AF /* Main.storyboard in Resources */,
			);
			runOnlyForDeploymentPostprocessing = 0;
		};
/* End PBXResourcesBuildPhase section */

/* Begin PBXSourcesBuildPhase section */
		A6AE253B21D4C06300A7D4AF /* Sources */ = {
			isa = PBXSourcesBuildPhase;
			buildActionMask = 2147483647;
			files = (
				A6AE257B21D4C0E200A7D4AF /* NSLayoutConstraint+MASDebugAdditions.m in Sources */,
				A6AE257921D4C0E200A7D4AF /* MASViewConstraint.m in Sources */,
				A6AE257421D4C0E200A7D4AF /* MASCompositeConstraint.m in Sources */,
				A6AE258021D4C99200A7D4AF /* viewDome.m in Sources */,
				A6AE257A21D4C0E200A7D4AF /* NSArray+MASAdditions.m in Sources */,
				A6AE254721D4C06300A7D4AF /* ViewController.m in Sources */,
				A6AE255221D4C06300A7D4AF /* main.m in Sources */,
				A6AE257721D4C0E200A7D4AF /* MASLayoutConstraint.m in Sources */,
				A6AE254421D4C06300A7D4AF /* AppDelegate.m in Sources */,
				A6AE257D21D4C0E200A7D4AF /* ViewController+MASAdditions.m in Sources */,
				A6AE257C21D4C0E200A7D4AF /* View+MASAdditions.m in Sources */,
				A6AE257821D4C0E200A7D4AF /* MASViewAttribute.m in Sources */,
				A6AE257521D4C0E200A7D4AF /* MASConstraint.m in Sources */,
				A6AE257621D4C0E200A7D4AF /* MASConstraintMaker.m in Sources */,
			);
			runOnlyForDeploymentPostprocessing = 0;
		};
/* End PBXSourcesBuildPhase section */

/* Begin PBXVariantGroup section */
		A6AE254821D4C06300A7D4AF /* Main.storyboard */ = {
			isa = PBXVariantGroup;
			children = (
				A6AE254921D4C06300A7D4AF /* Base */,
			);
			name = Main.storyboard;
			sourceTree = "<group>";
		};
		A6AE254D21D4C06300A7D4AF /* LaunchScreen.storyboard */ = {
			isa = PBXVariantGroup;
			children = (
				A6AE254E21D4C06300A7D4AF /* Base */,
			);
			name = LaunchScreen.storyboard;
			sourceTree = "<group>";
		};
/* End PBXVariantGroup section */

/* Begin XCBuildConfiguration section */
		A6AE255321D4C06300A7D4AF /* Debug */ = {
			isa = XCBuildConfiguration;
			buildSettings = {
				ALWAYS_SEARCH_USER_PATHS = NO;
				CLANG_ANALYZER_NONNULL = YES;
				CLANG_ANALYZER_NUMBER_OBJECT_CONVERSION = YES_AGGRESSIVE;
				CLANG_CXX_LANGUAGE_STANDARD = "gnu++14";
				CLANG_CXX_LIBRARY = "libc++";
				CLANG_ENABLE_MODULES = YES;
				CLANG_ENABLE_OBJC_ARC = YES;
				CLANG_ENABLE_OBJC_WEAK = YES;
				CLANG_WARN_BLOCK_CAPTURE_AUTORELEASING = YES;
				CLANG_WARN_BOOL_CONVERSION = YES;
				CLANG_WARN_COMMA = YES;
				CLANG_WARN_CONSTANT_CONVERSION = YES;
				CLANG_WARN_DEPRECATED_OBJC_IMPLEMENTATIONS = YES;
				CLANG_WARN_DIRECT_OBJC_ISA_USAGE = YES_ERROR;
				CLANG_WARN_DOCUMENTATION_COMMENTS = YES;
				CLANG_WARN_EMPTY_BODY = YES;
				CLANG_WARN_ENUM_CONVERSION = YES;
				CLANG_WARN_INFINITE_RECURSION = YES;
				CLANG_WARN_INT_CONVERSION = YES;
				CLANG_WARN_NON_LITERAL_NULL_CONVERSION = YES;
				CLANG_WARN_OBJC_IMPLICIT_RETAIN_SELF = YES;
				CLANG_WARN_OBJC_LITERAL_CONVERSION = YES;
				CLANG_WARN_OBJC_ROOT_CLASS = YES_ERROR;
				CLANG_WARN_RANGE_LOOP_ANALYSIS = YES;
				CLANG_WARN_STRICT_PROTOTYPES = YES;
				CLANG_WARN_SUSPICIOUS_MOVE = YES;
				CLANG_WARN_UNGUARDED_AVAILABILITY = YES_AGGRESSIVE;
				CLANG_WARN_UNREACHABLE_CODE = YES;
				CLANG_WARN__DUPLICATE_METHOD_MATCH = YES;
				CODE_SIGN_IDENTITY = "iPhone Developer";
				COPY_PHASE_STRIP = NO;
				DEBUG_INFORMATION_FORMAT = dwarf;
				ENABLE_STRICT_OBJC_MSGSEND = YES;
				ENABLE_TESTABILITY = YES;
				GCC_C_LANGUAGE_STANDARD = gnu11;
				GCC_DYNAMIC_NO_PIC = NO;
				GCC_NO_COMMON_BLOCKS = YES;
				GCC_OPTIMIZATION_LEVEL = 0;
				GCC_PREPROCESSOR_DEFINITIONS = (
					"DEBUG=1",
					"$(inherited)",
				);
				GCC_WARN_64_TO_32_BIT_CONVERSION = YES;
				GCC_WARN_ABOUT_RETURN_TYPE = YES_ERROR;
				GCC_WARN_UNDECLARED_SELECTOR = YES;
				GCC_WARN_UNINITIALIZED_AUTOS = YES_AGGRESSIVE;
				GCC_WARN_UNUSED_FUNCTION = YES;
				GCC_WARN_UNUSED_VARIABLE = YES;
				IPHONEOS_DEPLOYMENT_TARGET = 12.0;
				MTL_ENABLE_DEBUG_INFO = INCLUDE_SOURCE;
				MTL_FAST_MATH = YES;
				ONLY_ACTIVE_ARCH = YES;
				SDKROOT = iphoneos;
			};
			name = Debug;
		};
		A6AE255421D4C06300A7D4AF /* Release */ = {
			isa = XCBuildConfiguration;
			buildSettings = {
				ALWAYS_SEARCH_USER_PATHS = NO;
				CLANG_ANALYZER_NONNULL = YES;
				CLANG_ANALYZER_NUMBER_OBJECT_CONVERSION = YES_AGGRESSIVE;
				CLANG_CXX_LANGUAGE_STANDARD = "gnu++14";
				CLANG_CXX_LIBRARY = "libc++";
				CLANG_ENABLE_MODULES = YES;
				CLANG_ENABLE_OBJC_ARC = YES;
				CLANG_ENABLE_OBJC_WEAK = YES;
				CLANG_WARN_BLOCK_CAPTURE_AUTORELEASING = YES;
				CLANG_WARN_BOOL_CONVERSION = YES;
				CLANG_WARN_COMMA = YES;
				CLANG_WARN_CONSTANT_CONVERSION = YES;
				CLANG_WARN_DEPRECATED_OBJC_IMPLEMENTATIONS = YES;
				CLANG_WARN_DIRECT_OBJC_ISA_USAGE = YES_ERROR;
				CLANG_WARN_DOCUMENTATION_COMMENTS = YES;
				CLANG_WARN_EMPTY_BODY = YES;
				CLANG_WARN_ENUM_CONVERSION = YES;
				CLANG_WARN_INFINITE_RECURSION = YES;
				CLANG_WARN_INT_CONVERSION = YES;
				CLANG_WARN_NON_LITERAL_NULL_CONVERSION = YES;
				CLANG_WARN_OBJC_IMPLICIT_RETAIN_SELF = YES;
				CLANG_WARN_OBJC_LITERAL_CONVERSION = YES;
				CLANG_WARN_OBJC_ROOT_CLASS = YES_ERROR;
				CLANG_WARN_RANGE_LOOP_ANALYSIS = YES;
				CLANG_WARN_STRICT_PROTOTYPES = YES;
				CLANG_WARN_SUSPICIOUS_MOVE = YES;
				CLANG_WARN_UNGUARDED_AVAILABILITY = YES_AGGRESSIVE;
				CLANG_WARN_UNREACHABLE_CODE = YES;
				CLANG_WARN__DUPLICATE_METHOD_MATCH = YES;
				CODE_SIGN_IDENTITY = "iPhone Developer";
				COPY_PHASE_STRIP = NO;
				DEBUG_INFORMATION_FORMAT = "dwarf-with-dsym";
				ENABLE_NS_ASSERTIONS = NO;
				ENABLE_STRICT_OBJC_MSGSEND = YES;
				GCC_C_LANGUAGE_STANDARD = gnu11;
				GCC_NO_COMMON_BLOCKS = YES;
				GCC_WARN_64_TO_32_BIT_CONVERSION = YES;
				GCC_WARN_ABOUT_RETURN_TYPE = YES_ERROR;
				GCC_WARN_UNDECLARED_SELECTOR = YES;
				GCC_WARN_UNINITIALIZED_AUTOS = YES_AGGRESSIVE;
				GCC_WARN_UNUSED_FUNCTION = YES;
				GCC_WARN_UNUSED_VARIABLE = YES;
				IPHONEOS_DEPLOYMENT_TARGET = 12.0;
				MTL_ENABLE_DEBUG_INFO = NO;
				MTL_FAST_MATH = YES;
				SDKROOT = iphoneos;
				VALIDATE_PRODUCT = YES;
			};
			name = Release;
		};
		A6AE255621D4C06300A7D4AF /* Debug */ = {
			isa = XCBuildConfiguration;
			buildSettings = {
				ASSETCATALOG_COMPILER_APPICON_NAME = AppIcon;
				CODE_SIGN_STYLE = Automatic;
				INFOPLIST_FILE = LGMasonryDome/Info.plist;
				LD_RUNPATH_SEARCH_PATHS = (
					"$(inherited)",
					"@executable_path/Frameworks",
				);
				PRODUCT_BUNDLE_IDENTIFIER = TP.LGMasonryDome;
				PRODUCT_NAME = "$(TARGET_NAME)";
				TARGETED_DEVICE_FAMILY = "1,2";
			};
			name = Debug;
		};
		A6AE255721D4C06300A7D4AF /* Release */ = {
			isa = XCBuildConfiguration;
			buildSettings = {
				ASSETCATALOG_COMPILER_APPICON_NAME = AppIcon;
				CODE_SIGN_STYLE = Automatic;
				INFOPLIST_FILE = LGMasonryDome/Info.plist;
				LD_RUNPATH_SEARCH_PATHS = (
					"$(inherited)",
					"@executable_path/Frameworks",
				);
				PRODUCT_BUNDLE_IDENTIFIER = TP.LGMasonryDome;
				PRODUCT_NAME = "$(TARGET_NAME)";
				TARGETED_DEVICE_FAMILY = "1,2";
			};
			name = Release;
		};
/* End XCBuildConfiguration section */

/* Begin XCConfigurationList section */
		A6AE253A21D4C06300A7D4AF /* Build configuration list for PBXProject "LGMasonryDome" */ = {
			isa = XCConfigurationList;
			buildConfigurations = (
				A6AE255321D4C06300A7D4AF /* Debug */,
				A6AE255421D4C06300A7D4AF /* Release */,
			);
			defaultConfigurationIsVisible = 0;
			defaultConfigurationName = Release;
		};
		A6AE255521D4C06300A7D4AF /* Build configuration list for PBXNativeTarget "LGMasonryDome" */ = {
			isa = XCConfigurationList;
			buildConfigurations = (
				A6AE255621D4C06300A7D4AF /* Debug */,
				A6AE255721D4C06300A7D4AF /* Release */,
			);
			defaultConfigurationIsVisible = 0;
			defaultConfigurationName = Release;
		};
/* End XCConfigurationList section */
	};
	rootObject = A6AE253721D4C06300A7D4AF /* Project object */;
}
